{
    "name": "helloworld",
    "version": "1.0.0",
    "lockfileVersion": 1,
    "requires": true,
    "dependencies": {
        "cordova-plugin-network-information": {
            "version": "2.0.2",
            "resolved": "https://registry.npmjs.org/cordova-plugin-network-information/-/cordova-plugin-network-information-2.0.2.tgz",
            "integrity": "sha512-NwO3qDBNL/vJxUxBTPNOA1HvkDf9eTeGH8JSZiwy1jq2W2mJKQEDBwqWkaEQS19Yd/MQTiw0cykxg5D7u4J6cQ=="
        },
        "nodemailer": {
            "version": "6.4.16",
            "resolved": "https://registry.npmjs.org/nodemailer/-/nodemailer-6.4.16.tgz",
            "integrity": "sha512-68K0LgZ6hmZ7PVmwL78gzNdjpj5viqBdFqKrTtr9bZbJYj6BRj5W6WGkxXrEnUl3Co3CBXi3CZBUlpV/foGnOQ=="
        }
    }
}
